
Microsoft Visual Studio Solution File, Format Version 12.00
# Visual Studio Version 17
VisualStudioVersion = 17.12.35527.113 d17.12
MinimumVisualStudioVersion = 10.0.40219.1
Project("{FAE04EC0-301F-11D3-BF4B-00C04F79EFBC}") = "Mvc_20211129078_ozanUysal", "Mvc_20211129078_ozanUysal\Mvc_20211129078_ozanUysal.csproj", "{EADB262A-D465-4897-807A-7F5BA035A8FD}"
EndProject
Global
	GlobalSection(SolutionConfigurationPlatforms) = preSolution
		Debug|Any CPU = Debug|Any CPU
		Release|Any CPU = Release|Any CPU
	EndGlobalSection
	GlobalSection(ProjectConfigurationPlatforms) = postSolution
		{EADB262A-D465-4897-807A-7F5BA035A8FD}.Debug|Any CPU.ActiveCfg = Debug|Any CPU
		{EADB262A-D465-4897-807A-7F5BA035A8FD}.Debug|Any CPU.Build.0 = Debug|Any CPU
		{EADB262A-D465-4897-807A-7F5BA035A8FD}.Release|Any CPU.ActiveCfg = Release|Any CPU
		{EADB262A-D465-4897-807A-7F5BA035A8FD}.Release|Any CPU.Build.0 = Release|Any CPU
	EndGlobalSection
	GlobalSection(SolutionProperties) = preSolution
		HideSolutionNode = FALSE
	EndGlobalSection
EndGlobal
